
Microsoft Visual Studio Solution File, Format Version 10.00
# Visual Studio 2008
Project("{FAE04EC0-301F-11D3-BF4B-00C04F79EFBC}") = "BusPirateUI", "buspirateraw\BusPirateUI.csproj", "{B0C30AA3-A797-4445-853A-5E3F953F011A}"
EndProject
Project("{FAE04EC0-301F-11D3-BF4B-00C04F79EFBC}") = "BusPirateLibCS", "BusPirateLibCS\BusPirateLibCS.csproj", "{3D03362C-AE50-43E5-946A-C149D83CA18E}"
EndProject
Project("{FAE04EC0-301F-11D3-BF4B-00C04F79EFBC}") = "BusPiratePICProgrammer", "BusPiratePICProgrammer\BusPiratePICProgrammer.csproj", "{0B9ED071-1D77-417D-A9BE-904933E3B0CC}"
EndProject
Global
	GlobalSection(SubversionScc) = preSolution
		Svn-Managed = True
		Manager = AnkhSVN - Subversion Support for Visual Studio
	EndGlobalSection
	GlobalSection(SolutionConfigurationPlatforms) = preSolution
		Debug|Any CPU = Debug|Any CPU
		Release|Any CPU = Release|Any CPU
	EndGlobalSection
	GlobalSection(ProjectConfigurationPlatforms) = postSolution
		{B0C30AA3-A797-4445-853A-5E3F953F011A}.Debug|Any CPU.ActiveCfg = Debug|Any CPU
		{B0C30AA3-A797-4445-853A-5E3F953F011A}.Debug|Any CPU.Build.0 = Debug|Any CPU
		{B0C30AA3-A797-4445-853A-5E3F953F011A}.Release|Any CPU.ActiveCfg = Release|Any CPU
		{B0C30AA3-A797-4445-853A-5E3F953F011A}.Release|Any CPU.Build.0 = Release|Any CPU
		{3D03362C-AE50-43E5-946A-C149D83CA18E}.Debug|Any CPU.ActiveCfg = Debug|Any CPU
		{3D03362C-AE50-43E5-946A-C149D83CA18E}.Debug|Any CPU.Build.0 = Debug|Any CPU
		{3D03362C-AE50-43E5-946A-C149D83CA18E}.Release|Any CPU.ActiveCfg = Release|Any CPU
		{3D03362C-AE50-43E5-946A-C149D83CA18E}.Release|Any CPU.Build.0 = Release|Any CPU
		{0B9ED071-1D77-417D-A9BE-904933E3B0CC}.Debug|Any CPU.ActiveCfg = Debug|Any CPU
		{0B9ED071-1D77-417D-A9BE-904933E3B0CC}.Debug|Any CPU.Build.0 = Debug|Any CPU
		{0B9ED071-1D77-417D-A9BE-904933E3B0CC}.Release|Any CPU.ActiveCfg = Release|Any CPU
		{0B9ED071-1D77-417D-A9BE-904933E3B0CC}.Release|Any CPU.Build.0 = Release|Any CPU
	EndGlobalSection
	GlobalSection(SolutionProperties) = preSolution
		HideSolutionNode = FALSE
	EndGlobalSection
EndGlobal
